
Microsoft Visual Studio Solution File, Format Version 11.00
# Visual Studio 2010
Project("{FAE04EC0-301F-11D3-BF4B-00C04F79EFBC}") = "ClientsideEncryption", "ClientsideEncryption\ClientsideEncryption.csproj", "{FC563DC2-D500-4C8E-A880-222FABA90AA1}"
EndProject
Global
	GlobalSection(SolutionConfigurationPlatforms) = preSolution
		Debug|Any CPU = Debug|Any CPU
		Release|Any CPU = Release|Any CPU
	EndGlobalSection
	GlobalSection(ProjectConfigurationPlatforms) = postSolution
		{FC563DC2-D500-4C8E-A880-222FABA90AA1}.Debug|Any CPU.ActiveCfg = Debug|Any CPU
		{FC563DC2-D500-4C8E-A880-222FABA90AA1}.Debug|Any CPU.Build.0 = Debug|Any CPU
		{FC563DC2-D500-4C8E-A880-222FABA90AA1}.Release|Any CPU.ActiveCfg = Release|Any CPU
		{FC563DC2-D500-4C8E-A880-222FABA90AA1}.Release|Any CPU.Build.0 = Release|Any CPU
	EndGlobalSection
	GlobalSection(SolutionProperties) = preSolution
		HideSolutionNode = FALSE
	EndGlobalSection
EndGlobal
